
Microsoft Visual Studio Solution File, Format Version 12.00
# Visual Studio 15
VisualStudioVersion = 15.0.28307.271
MinimumVisualStudioVersion = 10.0.40219.1
Project("{FAE04EC0-301F-11D3-BF4B-00C04F79EFBC}") = "LuceneWebSearch", "LuceneWebSearch\LuceneWebSearch.csproj", "{6854B180-BCD2-4876-85F4-6C6441D11FD9}"
EndProject
Global
	GlobalSection(SolutionConfigurationPlatforms) = preSolution
		Debug|Any CPU = Debug|Any CPU
		Release|Any CPU = Release|Any CPU
	EndGlobalSection
	GlobalSection(ProjectConfigurationPlatforms) = postSolution
		{6854B180-BCD2-4876-85F4-6C6441D11FD9}.Debug|Any CPU.ActiveCfg = Debug|Any CPU
		{6854B180-BCD2-4876-85F4-6C6441D11FD9}.Debug|Any CPU.Build.0 = Debug|Any CPU
		{6854B180-BCD2-4876-85F4-6C6441D11FD9}.Release|Any CPU.ActiveCfg = Release|Any CPU
		{6854B180-BCD2-4876-85F4-6C6441D11FD9}.Release|Any CPU.Build.0 = Release|Any CPU
	EndGlobalSection
	GlobalSection(SolutionProperties) = preSolution
		HideSolutionNode = FALSE
	EndGlobalSection
	GlobalSection(ExtensibilityGlobals) = postSolution
		SolutionGuid = {936D1A66-8B9E-4D48-B412-C11169E38C56}
	EndGlobalSection
EndGlobal
